[[package]]
category = "main"
description = "asyncio (PEP 3156) Redis support"
name = "aioredis"
optional = false
python-versions = "*"
version = "1.2.0"

[package.dependencies]
async-timeout = "*"
hiredis = "*"

[[package]]
category = "main"
description = "Low-level AMQP client for Python (fork of amqplib)."
name = "amqp"
optional = false
python-versions = ">=2.7, !=3.0.*, !=3.1.*, !=3.2.*, !=3.3.*, !=3.4.*"
version = "2.5.1"

[package.dependencies]
vine = ">=1.1.3,<5.0.0a1"

[[package]]
category = "dev"
description = "A small Python module for determining appropriate platform-specific dirs, e.g. a \"user data dir\"."
name = "appdirs"
optional = false
python-versions = "*"
version = "1.4.3"

[[package]]
category = "main"
description = "ASGI specs, helper code, and adapters"
name = "asgiref"
optional = false
python-versions = "*"
version = "2.3.2"

[package.dependencies]
async-timeout = ">=2.0,<4.0"

[[package]]
category = "dev"
description = "A few extensions to pyyaml."
name = "aspy.yaml"
optional = false
python-versions = ">=2.7, !=3.0.*, !=3.1.*, !=3.2.*, !=3.3.*"
version = "1.3.0"

[package.dependencies]
pyyaml = "*"

[[package]]
category = "main"
description = "Timeout context manager for asyncio programs"
name = "async-timeout"
optional = false
python-versions = "*"
version = "2.0.1"

[[package]]
category = "main"
description = "Classes Without Boilerplate"
name = "attrs"
optional = false
python-versions = ">=2.7, !=3.0.*, !=3.1.*, !=3.2.*, !=3.3.*"
version = "19.3.0"

[[package]]
category = "main"
description = "WebSocket client & server library, WAMP real-time framework"
name = "autobahn"
optional = false
python-versions = "*"
version = "18.12.1"

[package.dependencies]
six = ">=1.11.0"
txaio = ">=18.8.1"

[[package]]
category = "main"
description = "Self-service finite-state machines for the programmer on the go."
name = "automat"
optional = false
python-versions = "*"
version = "0.7.0"

[package.dependencies]
attrs = ">=16.1.0"
six = "*"

[[package]]
category = "main"
description = "Python multiprocessing fork with improvements and bugfixes"
name = "billiard"
optional = false
python-versions = "*"
version = "3.5.0.5"

[[package]]
category = "dev"
description = "The uncompromising code formatter."
name = "black"
optional = false
python-versions = ">=3.6"
version = "19.3b0"

[package.dependencies]
appdirs = "*"
attrs = ">=18.1.0"
click = ">=6.5"
toml = ">=0.9.4"

[[package]]
category = "main"
description = "A thin, practical wrapper around terminal coloring, styling, and positioning"
name = "blessings"
optional = false
python-versions = ">=2.7, !=3.0.*, !=3.1.*, !=3.2.*, !=3.3.*"
version = "1.7"

[package.dependencies]
six = "*"

[[package]]
category = "main"
description = "Fancy Interface to the Python Interpreter"
name = "bpython"
optional = false
python-versions = "*"
version = "0.18"

[package.dependencies]
curtsies = ">=0.1.18"
greenlet = "*"
pygments = "*"
requests = "*"
six = ">=1.5"

[[package]]
category = "main"
description = "Distributed Task Queue."
name = "celery"
optional = false
python-versions = ">=2.7, !=3.0.*, !=3.1.*, !=3.2.*, !=3.3.*"
version = "4.2.1"

[package.dependencies]
billiard = ">=3.5.0.2,<3.6.0"
kombu = ">=4.2.0,<5.0"
pytz = ">0.0-dev"

[[package]]
category = "main"
description = "Python package for providing Mozilla's CA Bundle."
name = "certifi"
optional = false
python-versions = "*"
version = "2019.9.11"

[[package]]
category = "dev"
description = "Validate configuration and produce human readable error messages."
name = "cfgv"
optional = false
python-versions = ">=2.7, !=3.0.*, !=3.1.*, !=3.2.*, !=3.3.*"
version = "2.0.1"

[package.dependencies]
six = "*"

[[package]]
category = "main"
description = "Brings async, event-driven capabilities to Django. Django 1.11 and up only."
name = "channels"
optional = false
python-versions = ">=3.5"
version = "2.1.6"

[package.dependencies]
Django = ">=1.11"
asgiref = ">=2.3,<3.0"
daphne = ">=2.2,<3.0"

[[package]]
category = "main"
description = "Redis-backed ASGI channel layer implementation"
name = "channels-redis"
optional = false
python-versions = "*"
version = "2.3.2"

[package.dependencies]
aioredis = ">=1.0,<2.0"
asgiref = ">=2.1,<3.0"
channels = ">=2.0,<3.0"
msgpack = ">=0.5.0,<0.6.0"

[[package]]
category = "main"
description = "Universal encoding detector for Python 2 and 3"
name = "chardet"
optional = false
python-versions = "*"
version = "3.0.4"

[[package]]
category = "dev"
description = "Composable command line interface toolkit"
name = "click"
optional = false
python-versions = ">=2.7, !=3.0.*, !=3.1.*, !=3.2.*, !=3.3.*"
version = "7.0"

[[package]]
category = "main"
description = "Symbolic constants in Python"
name = "constantly"
optional = false
python-versions = "*"
version = "15.1.0"

[[package]]
category = "main"
description = "Curses-like terminal wrapper, with colored strings!"
name = "curtsies"
optional = false
python-versions = "*"
version = "0.3.0"

[package.dependencies]
blessings = ">=1.5"
typing = "*"
wcwidth = ">=0.1.4"

[[package]]
category = "main"
description = "Django ASGI (HTTP/WebSocket) server"
name = "daphne"
optional = false
python-versions = "*"
version = "2.2.4"

[package.dependencies]
autobahn = ">=0.18"
twisted = ">=18.7"

[[package]]
category = "main"
description = "XML bomb protection for Python stdlib modules"
name = "defusedxml"
optional = false
python-versions = "*"
version = "0.5.0"

[[package]]
category = "main"
description = "A high-level Python Web framework that encourages rapid development and clean, pragmatic design."
name = "django"
optional = false
python-versions = ">=3.4"
version = "2.0"

[package.dependencies]
pytz = "*"

[[package]]
category = "main"
description = "Integrated set of Django applications addressing authentication, registration, account management as well as 3rd party (social) account authentication."
name = "django-allauth"
optional = false
python-versions = "*"
version = "0.36.0"

[package.dependencies]
Django = ">=1.11"
python-openid = ">=2.2.5"
requests = "*"
requests-oauthlib = ">=0.3.0"

[[package]]
category = "main"
description = "Deletes old files."
name = "django-cleanup"
optional = false
python-versions = "*"
version = "2.1.0"

[[package]]
category = "dev"
description = "A configurable set of panels that display various debug information about the current request/response."
name = "django-debug-toolbar"
optional = false
python-versions = ">=2.7, !=3.0.*, !=3.1.*, !=3.2.*, !=3.3.*"
version = "1.11"

[package.dependencies]
Django = ">=1.11"
sqlparse = ">=0.2.0"

[[package]]
category = "main"
description = "A set of high-level abstractions for Django forms"
name = "django-formtools"
optional = false
python-versions = "*"
version = "2.1"

[package.dependencies]
Django = ">=1.8"

[[package]]
category = "main"
description = "Tweak the form field rendering in templates, not in python-level form definitions."
name = "django-widget-tweaks"
optional = false
python-versions = "*"
version = "1.4.2"

[[package]]
category = "dev"
description = "Discover and load entry points from installed packages."
name = "entrypoints"
optional = false
python-versions = ">=2.7"
version = "0.3"

[[package]]
category = "dev"
description = "the modular source code checker: pep8, pyflakes and co"
name = "flake8"
optional = false
python-versions = ">=2.7, !=3.0.*, !=3.1.*, !=3.2.*, !=3.3.*"
version = "3.7.8"

[package.dependencies]
entrypoints = ">=0.3.0,<0.4.0"
mccabe = ">=0.6.0,<0.7.0"
pycodestyle = ">=2.5.0,<2.6.0"
pyflakes = ">=2.1.0,<2.2.0"

[[package]]
category = "main"
description = "Lightweight in-process concurrent programming"
name = "greenlet"
optional = false
python-versions = "*"
version = "0.4.15"

[[package]]
category = "main"
description = "WSGI HTTP Server for UNIX"
name = "gunicorn"
optional = false
python-versions = ">=2.6, !=3.0.*, !=3.1.*"
version = "19.9.0"

[[package]]
category = "main"
description = "Python wrapper for hiredis"
name = "hiredis"
optional = false
python-versions = ">=2.6, !=3.0.*, !=3.1.*"
version = "0.3.1"

[[package]]
category = "main"
description = "A featureful, immutable, and correct URL for Python."
name = "hyperlink"
optional = false
python-versions = "*"
version = "18.0.0"

[package.dependencies]
idna = ">=2.5"

[[package]]
category = "dev"
description = "File identification library for Python"
name = "identify"
optional = false
python-versions = ">=2.7, !=3.0.*, !=3.1.*, !=3.2.*, !=3.3.*"
version = "1.4.7"

[[package]]
category = "main"
description = "Internationalized Domain Names in Applications (IDNA)"
name = "idna"
optional = false
python-versions = ">=2.7, !=3.0.*, !=3.1.*, !=3.2.*, !=3.3.*"
version = "2.8"

[[package]]
category = "dev"
description = "Read metadata from Python packages"
name = "importlib-metadata"
optional = false
python-versions = ">=2.7,!=3.0,!=3.1,!=3.2,!=3.3"
version = "0.22"

[package.dependencies]
zipp = ">=0.5"

[[package]]
category = "main"
description = ""
name = "incremental"
optional = false
python-versions = "*"
version = "17.5.0"

[[package]]
category = "main"
description = "Messaging library for Python."
name = "kombu"
optional = false
python-versions = ">=2.7, !=3.0.*, !=3.1.*, !=3.2.*, !=3.3.*"
version = "4.3.0"

[package.dependencies]
amqp = ">=2.4.0,<3.0"

[[package]]
category = "dev"
description = "McCabe checker, plugin for flake8"
name = "mccabe"
optional = false
python-versions = "*"
version = "0.6.1"

[[package]]
category = "dev"
description = "More routines for operating on iterables, beyond itertools"
name = "more-itertools"
optional = false
python-versions = ">=3.4"
version = "7.2.0"

[[package]]
category = "main"
description = "MessagePack (de)serializer."
name = "msgpack"
optional = false
python-versions = "*"
version = "0.5.6"

[[package]]
category = "main"
description = "New Relic Python Agent"
name = "newrelic"
optional = false
python-versions = ">=2.7,!=3.0.*,!=3.1.*,!=3.2.*,!=3.3.*,!=3.4.*"
version = "5.4.0.132"

[[package]]
category = "dev"
description = "Node.js virtual environment builder"
name = "nodeenv"
optional = false
python-versions = "*"
version = "1.3.3"

[[package]]
category = "main"
description = "A generic, spec-compliant, thorough implementation of the OAuth request-signing logic"
name = "oauthlib"
optional = false
python-versions = "*"
version = "2.1.0"

[[package]]
category = "main"
description = "Python Imaging Library (Fork)"
name = "pillow"
optional = false
python-versions = ">=2.7, !=3.0.*, !=3.1.*, !=3.2.*, !=3.3.*"
version = "5.3.0"

[[package]]
category = "dev"
description = "A framework for managing and maintaining multi-language pre-commit hooks."
name = "pre-commit"
optional = false
python-versions = ">=2.7, !=3.0.*, !=3.1.*, !=3.2.*, !=3.3.*"
version = "1.18.3"

[package.dependencies]
"aspy.yaml" = "*"
cfgv = ">=2.0.0"
identify = ">=1.0.0"
importlib-metadata = "*"
nodeenv = ">=0.11.1"
pyyaml = "*"
six = "*"
toml = "*"
virtualenv = ">=15.2"

[[package]]
category = "main"
description = "psycopg2 - Python-PostgreSQL Database Adapter"
name = "psycopg2"
optional = false
python-versions = ">=2.7,!=3.0.*,!=3.1.*,!=3.2.*,!=3.3.*"
version = "2.8.3"

[[package]]
category = "dev"
description = "Python style guide checker"
name = "pycodestyle"
optional = false
python-versions = ">=2.7, !=3.0.*, !=3.1.*, !=3.2.*, !=3.3.*"
version = "2.5.0"

[[package]]
category = "dev"
description = "passive checker of Python programs"
name = "pyflakes"
optional = false
python-versions = ">=2.7, !=3.0.*, !=3.1.*, !=3.2.*, !=3.3.*"
version = "2.1.1"

[[package]]
category = "main"
description = "Pygments is a syntax highlighting package written in Python."
name = "pygments"
optional = false
python-versions = "*"
version = "2.3.1"

[[package]]
category = "main"
description = "Hamcrest framework for matcher objects"
name = "pyhamcrest"
optional = false
python-versions = "*"
version = "1.9.0"

[package.dependencies]
setuptools = "*"
six = "*"

[[package]]
category = "main"
description = "A comprehensive, fast, pure Python memcached client"
name = "pymemcache"
optional = false
python-versions = "*"
version = "2.1.1"

[package.dependencies]
six = "*"

[[package]]
category = "main"
description = "Pure python memcached client"
name = "python-memcached"
optional = false
python-versions = "*"
version = "1.59"

[package.dependencies]
six = ">=1.4.0"

[[package]]
category = "main"
description = "OpenID support for servers and consumers."
name = "python-openid"
optional = false
python-versions = "*"
version = "2.2.5"

[[package]]
category = "main"
description = "OpenID support for modern servers and consumers."
name = "python3-openid"
optional = false
python-versions = "*"
version = "3.1.0"

[package.dependencies]
defusedxml = "*"

[[package]]
category = "main"
description = "World timezone definitions, modern and historical"
name = "pytz"
optional = false
python-versions = "*"
version = "2018.5"

[[package]]
category = "dev"
description = "YAML parser and emitter for Python"
name = "pyyaml"
optional = false
python-versions = ">=2.7, !=3.0.*, !=3.1.*, !=3.2.*, !=3.3.*"
version = "5.1.2"

[[package]]
category = "main"
description = "Python client for Redis key-value store"
name = "redis"
optional = false
python-versions = ">=2.7, !=3.0.*, !=3.1.*, !=3.2.*, !=3.3.*"
version = "3.0.1"

[[package]]
category = "main"
description = "The Reportlab Toolkit"
name = "reportlab"
optional = false
python-versions = "*"
version = "3.5.21"

[package.dependencies]
pillow = ">=4.0.0"

[[package]]
category = "main"
description = "Python HTTP for Humans."
name = "requests"
optional = false
python-versions = ">=2.7, !=3.0.*, !=3.1.*, !=3.2.*, !=3.3.*, !=3.4.*"
version = "2.22.0"

[package.dependencies]
certifi = ">=2017.4.17"
chardet = ">=3.0.2,<3.1.0"
idna = ">=2.5,<2.9"
urllib3 = ">=1.21.1,<1.25.0 || >1.25.0,<1.25.1 || >1.25.1,<1.26"

[[package]]
category = "main"
description = "OAuthlib authentication support for Requests."
name = "requests-oauthlib"
optional = false
python-versions = ">=2.7, !=3.0.*, !=3.1.*, !=3.2.*, !=3.3.*"
version = "1.0.0"

[package.dependencies]
oauthlib = ">=0.6.2"
requests = ">=2.0.0"

[[package]]
category = "main"
description = "Python client for Sentry (https://getsentry.com)"
name = "sentry-sdk"
optional = false
python-versions = "*"
version = "0.13.4"

[package.dependencies]
certifi = "*"
urllib3 = ">=1.10.0"

[[package]]
category = "main"
description = "Python 2 and 3 compatibility utilities"
name = "six"
optional = false
python-versions = ">=2.6, !=3.0.*, !=3.1.*"
version = "1.12.0"

[[package]]
category = "main"
description = "Non-validating SQL parser"
name = "sqlparse"
optional = false
python-versions = ">=2.7, !=3.0.*, !=3.1.*, !=3.2.*, !=3.3.*"
version = "0.3.0"

[[package]]
category = "dev"
description = "Python Library for Tom's Obvious, Minimal Language"
name = "toml"
optional = false
python-versions = "*"
version = "0.10.0"

[[package]]
category = "main"
description = "An asynchronous networking framework written in Python"
name = "twisted"
optional = false
python-versions = "*"
version = "18.9.0"

[package.dependencies]
Automat = ">=0.3.0"
PyHamcrest = ">=1.9.0"
attrs = ">=17.4.0"
constantly = ">=15.1"
hyperlink = ">=17.1.1"
incremental = ">=16.10.1"
"zope.interface" = ">=4.4.2"

[[package]]
category = "main"
description = "Compatibility API between asyncio/Twisted/Trollius"
name = "txaio"
optional = false
python-versions = "*"
version = "18.8.1"

[package.dependencies]
six = "*"

[[package]]
category = "main"
description = "Type Hints for Python"
name = "typing"
optional = false
python-versions = "*"
version = "3.6.6"

[[package]]
category = "main"
description = "HTTP library with thread-safe connection pooling, file post, and more."
name = "urllib3"
optional = false
python-versions = ">=2.7, !=3.0.*, !=3.1.*, !=3.2.*, !=3.3.*, <4"
version = "1.25.6"

[[package]]
category = "main"
description = "Promises, promises, promises."
name = "vine"
optional = false
python-versions = "*"
version = "1.1.4"

[[package]]
category = "dev"
description = "Virtual Python Environment builder"
name = "virtualenv"
optional = false
python-versions = ">=2.7, !=3.0.*, !=3.1.*, !=3.2.*, !=3.3.*"
version = "16.7.5"

[[package]]
category = "main"
description = "Measures number of Terminal column cells of wide-character codes"
name = "wcwidth"
optional = false
python-versions = "*"
version = "0.1.7"

[[package]]
category = "dev"
description = "Backport of pathlib-compatible object wrapper for zip files"
name = "zipp"
optional = false
python-versions = ">=2.7"
version = "0.6.0"

[package.dependencies]
more-itertools = "*"

[[package]]
category = "main"
description = "Interfaces for Python"
name = "zope.interface"
optional = false
python-versions = ">=2.7, !=3.0.*, !=3.1.*, !=3.2.*, !=3.3.*"
version = "4.6.0"

[package.dependencies]
setuptools = "*"

[metadata]
content-hash = "c7c0addf1cbd05f13e60d40af34c27b665d1daa392c3effb659ba99d8f7b43fe"
python-versions = "^3.7"

[metadata.hashes]
aioredis = ["84d62be729beb87118cf126c20b0e3f52d7a42bb7373dc5bcdd874f26f1f251a", "aee16aa5cb3f636cf8fa0e2b62d2f6abc90366e19b5c30e94a5471d834a55975"]
amqp = ["19a917e260178b8d410122712bac69cb3e6db010d68f6101e7307508aded5e68", "19d851b879a471fcfdcf01df9936cff924f422baa77653289f7095dedd5fb26a"]
appdirs = ["9e5896d1372858f8dd3344faf4e5014d21849c756c8d5701f78f8a103b372d92", "d8b24664561d0d34ddfaec54636d502d7cea6e29c3eaf68f3df6180863e2166e"]
asgiref = ["9b05dcd41a6a89ca8c6e7f7e4089c3f3e76b5af60aebb81ae6d455ad81989c97", "b21dc4c43d7aba5a844f4c48b8f49d56277bc34937fd9f9cb93ec97fde7e3082"]
"aspy.yaml" = ["463372c043f70160a9ec950c3f1e4c3a82db5fca01d334b6bc89c7164d744bdc", "e7c742382eff2caed61f87a39d13f99109088e5e93f04d76eb8d4b28aa143f45"]
async-timeout = ["00cff4d2dce744607335cba84e9929c3165632da2d27970dbc55802a0c7873d0", "9093db5b8ddbe4b8f6885d1a6e0ad84ae3155464cbf6877c387605244c285f3c"]
attrs = ["08a96c641c3a74e44eb59afb61a24f2cb9f4d7188748e76ba4bb5edfa3cb7d1c", "f7b7ce16570fe9965acd6d30101a28f62fb4a7f9e926b3bbc9b61f8b04247e72"]
autobahn = ["7e47532e9af424fdc2c83b0fcadec9b13d53f10f3acf0efb772495138fbdf887", "bec9e04c97536a6c0044965db4a478672a01c4adee0aa84d9c4a0945b2adc879"]
automat = ["cbd78b83fa2d81fe2a4d23d258e1661dd7493c9a50ee2f1a5b2cac61c1793b0e", "fdccab66b68498af9ecfa1fa43693abe546014dd25cf28543cbe9d1334916a58"]
billiard = ["42d9a227401ac4fba892918bba0a0c409def5435c4b483267ebfe821afaaba0e"]
black = ["09a9dcb7c46ed496a9850b76e4e825d6049ecd38b611f1224857a79bd985a8cf", "68950ffd4d9169716bcb8719a56c07a2f4485354fec061cdd5910aa07369731c"]
blessings = ["98e5854d805f50a5b58ac2333411b0482516a8210f23f43308baeb58d77c157d", "b1fdd7e7a675295630f9ae71527a8ebc10bfefa236b3d6aa4932ee4462c17ba3", "caad5211e7ba5afe04367cdd4cfc68fa886e2e08f6f35e76b7387d2109ccea6e"]
bpython = ["56cc20dbe568c98c81de4990fddf5862c0d8d3ab0ad1cf7057988abc5f7686c2", "c7c6de7309311fd607d6cb47ef7e2d6e065d0a299199d51220d57732850a3efa"]
celery = ["77dab4677e24dc654d42dfbdfed65fa760455b6bb563a0877ecc35f4cfcfc678", "ad7a7411772b80a4d6c64f2f7f723200e39fb66cf614a7fdfab76d345acc7b13"]
certifi = ["e4f3620cfea4f83eedc95b24abd9cd56f3c4b146dd0177e83a21b4eb49e21e50", "fd7c7c74727ddcf00e9acd26bba8da604ffec95bf1c2144e67aff7a8b50e6cef"]
cfgv = ["edb387943b665bf9c434f717bf630fa78aecd53d5900d2e05da6ad6048553144", "fbd93c9ab0a523bf7daec408f3be2ed99a980e20b2d19b50fc184ca6b820d289"]
channels = ["4d3ab89b746d43fd10865c5da0dca8660504efe8b89d5795183ea958efe41597", "5e0d7bc623c497d16d43e9bbb81a5ceaae4e2a06ead50dc1a47d64743d5f9772"]
channels-redis = ["b709200bb7ac472a0502cf4d59da7466b068b9fbd077447964bea18ef8036205", "c73c13dee428448fa2e0f04216d87651d35aa2e806e5c7e89632c3685756323f"]
chardet = ["84ab92ed1c4d4f16916e05906b6b75a6c0fb5db821cc65e70cbd64a3e2a5eaae", "fc323ffcaeaed0e0a02bf4d117757b98aed530d9ed4531e3e15460124c106691"]
click = ["2335065e6395b9e67ca716de5f7526736bfa6ceead690adf616d925bdc622b13", "5b94b49521f6456670fdb30cd82a4eca9412788a93fa6dd6df72c94d5a8ff2d7"]
constantly = ["586372eb92059873e29eba4f9dec8381541b4d3834660707faf8ba59146dfc35", "dd2fa9d6b1a51a83f0d7dd76293d734046aa176e384bf6e33b7e44880eb37c5d"]
curtsies = ["89c802ec051d01dec6fc983e9856a3706e4ea8265d2940b1f6d504a9e26ed3a9"]
daphne = ["0aafeb5199d564db675d5640bece6072cbd4af8c4f818938f08dac70b31c5841", "d22567197361782736e2031e8ba0bf5aaefbe202f66153fe9c1ac5578c292a97"]
defusedxml = ["24d7f2f94f7f3cb6061acb215685e5125fbcdc40a857eff9de22518820b0a4f4", "702a91ade2968a82beb0db1e0766a6a273f33d4616a6ce8cde475d8e09853b20"]
django = ["9614851d4a7ff8cbd32b73c6076441f377c45a5bbff7e771798fb02c43c31f47", "af18618ce3291be5092893d8522fe3919661bf3a1fb60e3858ae74865a4f07c2"]
django-allauth = ["7d9646e3560279d6294ebb4c361fef829708d106da697658cf158bf2ca57b474"]
django-cleanup = ["0e91783200d75f21a64cb5f9d9dbc1bedd377a7d8de97a55ec8a0e2e28abaf5d", "36f04ec3901e6d9fd996b99b383c2367c0b880c77e6699142b51ca64cb659e54"]
django-debug-toolbar = ["89d75b60c65db363fb24688d977e5fbf0e73386c67acf562d278402a10fc3736", "c2b0134119a624f4ac9398b44f8e28a01c7686ac350a12a74793f3dd57a9eea0"]
django-formtools = ["7703793f1675aa6e871f9fed147e8563816d7a5b9affdc5e3459899596217f7c", "cb2bd7c29c2104278e5a0e76f7ff256b9570acf11485d547ee0c1b35347359fb"]
django-widget-tweaks = ["a31c8a2b88af98dba6471db4722a416d1c643c87efecf9a7f17f983a2a553632", "f9961162c8ed272162e22e5877d29c7780476970441dce605118ef66da685e71"]
entrypoints = ["589f874b313739ad35be6e0cd7efde2a4e9b6fea91edcc34e58ecbb8dbe56d19", "c70dd71abe5a8c85e55e12c19bd91ccfeec11a6e99044204511f9ed547d48451"]
flake8 = ["19241c1cbc971b9962473e4438a2ca19749a7dd002dd1a946eaba171b4114548", "8e9dfa3cecb2400b3738a42c54c3043e821682b9c840b0448c0503f781130696"]
greenlet = ["000546ad01e6389e98626c1367be58efa613fa82a1be98b0c6fc24b563acc6d0", "0d48200bc50cbf498716712129eef819b1729339e34c3ae71656964dac907c28", "23d12eacffa9d0f290c0fe0c4e81ba6d5f3a5b7ac3c30a5eaf0126bf4deda5c8", "37c9ba82bd82eb6a23c2e5acc03055c0e45697253b2393c9a50cef76a3985304", "51503524dd6f152ab4ad1fbd168fc6c30b5795e8c70be4410a64940b3abb55c0", "8041e2de00e745c0e05a502d6e6db310db7faa7c979b3a5877123548a4c0b214", "81fcd96a275209ef117e9ec91f75c731fa18dcfd9ffaa1c0adbdaa3616a86043", "853da4f9563d982e4121fed8c92eea1a4594a2299037b3034c3c898cb8e933d6", "8b4572c334593d449113f9dc8d19b93b7b271bdbe90ba7509eb178923327b625", "9416443e219356e3c31f1f918a91badf2e37acf297e2fa13d24d1cc2380f8fbc", "9854f612e1b59ec66804931df5add3b2d5ef0067748ea29dc60f0efdcda9a638", "99a26afdb82ea83a265137a398f570402aa1f2b5dfb4ac3300c026931817b163", "a19bf883b3384957e4a4a13e6bd1ae3d85ae87f4beb5957e35b0be287f12f4e4", "a9f145660588187ff835c55a7d2ddf6abfc570c2651c276d3d4be8a2766db490", "ac57fcdcfb0b73bb3203b58a14501abb7e5ff9ea5e2edfa06bb03035f0cff248", "bcb530089ff24f6458a81ac3fa699e8c00194208a724b644ecc68422e1111939", "beeabe25c3b704f7d56b573f7d2ff88fc99f0138e43480cecdfcaa3b87fe4f87", "d634a7ea1fc3380ff96f9e44d8d22f38418c1c381d5fac680b272d7d90883720", "d97b0661e1aead761f0ded3b769044bb00ed5d33e1ec865e891a8b128bf7c656"]
gunicorn = ["aa8e0b40b4157b36a5df5e599f45c9c76d6af43845ba3b3b0efe2c70473c2471", "fa2662097c66f920f53f70621c6c58ca4a3c4d3434205e608e121b5b3b71f4f3"]
hiredis = ["098d0c767115fb2ffee4f142d76ad86785829ef22b07a0ce2d289eef78186705", "09f2d7bc980b2d1f402b39d4cc7841988493cf06580fd4b3120cbcf8a73402e5", "1875ca8a843efd3220e1a39c0e754847030b7fd8ff4102c23d7ab7c791ccf0c2", "2014924fb557541ee239e5035ddf8c4c03b166a0d6f45b265b1cad867091a617", "22d814b567774c04459d7ff36979bacc4ada490d316579b3c357cfd949677c30", "28c9da46e2f51d9a3b59dbf42e41278c979413bc0067a119fd51cf28a2f36379", "4c0f4f3c94f4c9071e3f58546d05757a9e2e49e64769395963238548807ecd22", "5ae5dd2d78ec1ea593207fa1c9bdc46da8b1713f038695f83457bc8307243ce2", "602f667281cedf0e21c8648aaf72e70d6a0ccf7ee274b4bc9ea6aa889f27b66c", "66344a5bdf19b39ba3c00101663806ef92fd75b1451a2f3f33ca73352fabaa01", "691e5c4efca2cf974ed24414af4d32c91bbf7650353504da918e0c29ad171d8b", "69a9d6c742ffd586093def8ac3dd1907907c8396b36af8b0490e9e52f0015e99", "726e546d6b2133787b6c690176ed54d969f5c90f5bda650c5cbaa44bf18e4507", "73227ed9d34648eae694cf3b4683840ea0e7dace682dcf3f1f732b42f9f0631c", "736a30992ede64b79989869e1a068fec93405dac71d87a316f22ee72e75cb6a5", "79742f23dbb6a8dcf8b857ced49e81f872a792f587a98f0a4fe620a175eb8b70", "7bf565198d612ad6b19a83b2d65a8e88d2b82608b0c4513c89ecfc25bd1dcce0", "ae104a4a622320e0174fb82874d383b6b5fef0e3a38375695e01300107cc3e67", "bdd78231aac38eadd00112c6eb8f6862ce9264a397602cd7eb6fe47e1c7273ba", "c6a7ab327dd01d77096f60bfaff1d0d5386960190fbd8a846ec8daafd529e0e3", "cac4abfbd42d3bb7a363c51752f909645559617e3cbd2c9fd175159cd8bbc102", "cf216d6fbacef0a20d23755d2d453dc6672ba5fd2b0cf76c548f4f620fce2cfe", "d8222d09da762891d4ef39374b1f2318da0ba02faf609d254438672892155eee", "dac079ff66c2d1c56f62f0a9b0a7a01784ad7b9eb136b9a931f7ab57463e70de", "e68638e460e95a68dbcef6f78be8210f4405eac020f10ee52cafee54084d3699", "fb8b80d2fb45857fd19d04387e4207412124e470c3b5d4d3568a6d9b74a72e99", "fc3eb53b51acf467ae7d60e92af23dee33b20871d84ce33e6e61b9e00077ff48", "ffe6d9bc7f3637d962eb4706a2908ba4064ec997beb99540bb385a0f7d7fe39a"]
hyperlink = ["98da4218a56b448c7ec7d2655cb339af1f7d751cf541469bb4fc28c4a4245b34", "f01b4ff744f14bc5d0a22a6b9f1525ab7d6312cb0ff967f59414bbac52f0a306"]
identify = ["4f1fe9a59df4e80fcb0213086fcf502bc1765a01ea4fe8be48da3b65afd2a017", "d8919589bd2a5f99c66302fec0ef9027b12ae150b0b0213999ad3f695fc7296e"]
idna = ["c357b3f628cf53ae2c4c05627ecc484553142ca23264e593d327bcde5e9c3407", "ea8b7f6188e6fa117537c3df7da9fc686d485087abf6ac197f9c46432f7e4a3c"]
importlib-metadata = ["652234b6ab8f2506ae58e528b6fbcc668831d3cc758e1bc01ef438d328b68cdb", "6f264986fb88042bc1f0535fa9a557e6a376cfe5679dc77caac7fe8b5d43d05f"]
incremental = ["717e12246dddf231a349175f48d74d93e2897244939173b01974ab6661406b9f", "7b751696aaf36eebfab537e458929e194460051ccad279c72b755a167eebd4b3"]
kombu = ["529df9e0ecc0bad9fc2b376c3ce4796c41b482cf697b78b71aea6ebe7ca353c8", "7a2cbed551103db9a4e2efafe9b63222e012a61a18a881160ad797b9d4e1d0a1"]
mccabe = ["ab8a6258860da4b6677da4bd2fe5dc2c659cff31b3ee4f7f5d64e79735b80d42", "dd8d182285a0fe56bace7f45b5e7d1a6ebcbf524e8f3bd87eb0f125271b8831f"]
more-itertools = ["409cd48d4db7052af495b09dec721011634af3753ae1ef92d2b32f73a745f832", "92b8c4b06dac4f0611c0729b2f2ede52b2e1bac1ab48f089c7ddc12e26bb60c4"]
msgpack = ["0b3b1773d2693c70598585a34ca2715873ba899565f0a7c9a1545baef7e7fbdc", "0bae5d1538c5c6a75642f75a1781f3ac2275d744a92af1a453c150da3446138b", "0ee8c8c85aa651be3aa0cd005b5931769eaa658c948ce79428766f1bd46ae2c3", "1369f9edba9500c7a6489b70fdfac773e925342f4531f1e3d4c20ac3173b1ae0", "22d9c929d1d539f37da3d1b0e16270fa9d46107beab8c0d4d2bddffffe895cee", "2ff43e3247a1e11d544017bb26f580a68306cec7a6257d8818893c1fda665f42", "31a98047355d34d047fcdb55b09cb19f633cf214c705a765bd745456c142130c", "8767eb0032732c3a0da92cbec5ac186ef89a3258c6edca09161472ca0206c45f", "8acc8910218555044e23826980b950e96685dc48124a290c86f6f41a296ea172", "ab189a6365be1860a5ecf8159c248f12d33f79ea799ae9695fa6a29896dcf1d4", "cfd6535feb0f1cf1c7cdb25773e965cc9f92928244a8c3ef6f8f8a8e1f7ae5c4", "e274cd4480d8c76ec467a85a9c6635bbf2258f0649040560382ab58cabb44bcf", "f86642d60dca13e93260187d56c2bef2487aa4d574a669e8ceefcf9f4c26fd00", "f8a57cbda46a94ed0db55b73e6ab0c15e78b4ede8690fa491a0e55128d552bb0", "fcea97a352416afcbccd7af9625159d80704a25c519c251c734527329bb20d0e"]
newrelic = ["d0e69703792f5abb7ea2440bbbcaa560892c364a09df60bdf36db77f95124f7b"]
nodeenv = ["ad8259494cf1c9034539f6cced78a1da4840a4b157e23640bc4a0c0546b0cb7a"]
oauthlib = ["ac35665a61c1685c56336bda97d5eefa246f1202618a1d6f34fccb1bdd404162", "d883b36b21a6ad813953803edfa563b1b579d79ca758fe950d1bc9e8b326025b"]
pillow = ["00203f406818c3f45d47bb8fe7e67d3feddb8dcbbd45a289a1de7dd789226360", "0616f800f348664e694dddb0b0c88d26761dd5e9f34e1ed7b7a7d2da14b40cb7", "091136f2a37e9ed6bd8ce96fbf5269199ba6edee490d64de7ac934316f31ecca", "0d67ae9a5937b1348fa1d97c7dcb6b56aaef828ca6655298e96f2f3114ad829d", "0e1aaddd00ee9014fe7a61b9da61427233fcd7c7f193b5efd6689e0ec36bc42f", "1f7908aab90c92ad85af9d2fec5fc79456a89b3adcc26314d2cde0e238bd789e", "2ea3517cd5779843de8a759c2349a3cd8d3893e03ab47053b66d5ec6f8bc4f93", "39b662f65a067709a62943003c1e807d140e7fcf631fcfc66ebe905f8149b9f4", "3ddc19447cf42ef3ec564ab7ebbd4f67838ba9816d739befe29dd70149c775bd", "48a9f0538c91fc136b3a576bee0e7cd174773dc9920b310c21dcb5519722e82c", "5280ebc42641a1283b7b1f2c20e5b936692198b9dd9995527c18b794850be1a8", "576a8a7a57065dab968d9d18befa2594a7673dcdab78c9b1f34248410cc6118f", "5e334a23c8f7cb6079987a2ed9978821a42b4323a3a3bdbc132945348737f9a9", "5e34e4b5764af65551647f5cc67cf5198c1d05621781d5173b342e5e55bf023b", "63b120421ab85cad909792583f83b6ca3584610c2fe70751e23f606a3c2e87f0", "696b5e0109fe368d0057f484e2e91717b49a03f1e310f857f133a4acec9f91dd", "6cb528de694f503ea164541c151da6c18267727a7558e0c9716cc0383d89658a", "7306d851d5a0cfac9ea07f1177783836f4b37292e5f224a534a52111cb6a6451", "7e3e32346d991f1788026917d0a9c182d6d32dc757163eee7ca990f1f831499e", "870ed021a42b1b02b5fe4a739ea735f671a84128c0a666c705db2cb9abd528eb", "916da1c19e4012d06a372127d7140dae894806fad67ef44330e5600d77833581", "9303a289fa0811e1c6abd9ddebfc770556d7c3311cb2b32eff72164ddc49bc64", "9577888ecc0ad7d06c3746afaba339c94d62b59da16f7a5d1cff9e491f23dace", "987e1c94a33c93d9b209315bfda9faa54b8edfce6438a1e93ae866ba20de5956", "99a3bbdbb844f4fb5d6dd59fac836a40749781c1fa63c563bc216c27aef63f60", "99db8dc3097ceafbcff9cb2bff384b974795edeb11d167d391a02c7bfeeb6e16", "a379526415f54f9462bc65a4da76fb0acc05e3b2a21717dde79621cf4377e0e6", "a5a96cf49eb580756a44ecf12949e52f211e20bffbf5a95760ac14b1e499cd37", "a844b5d8120f99fb7cd276ff544ac5bd562b0c053760d59694e6bf747c6ca7f5", "a9284368e81a67a7f47d5ef1ef7e4f11a4f688485879f44cf5f9090bba1f9d94", "aa6ca3eb56704cdc0d876fc6047ffd5ee960caad52452fbee0f99908a141a0ae", "aade5e66795c94e4a2b2624affeea8979648d1b0ae3fcee17e74e2c647fc4a8a", "b78905860336c1d292409e3df6ad39cc1f1c7f0964e66844bbc2ebfca434d073", "b92f521cdc4e4a3041cc343625b699f20b0b5f976793fb45681aac1efda565f8", "bb2baf44e97811687893873eab8cf9f18b40321cc15d15ff9f91dc031e30631f", "bfde84bbd6ae5f782206d454b67b7ee8f7f818c29b99fd02bf022fd33bab14cb", "c2b62d3df80e694c0e4a0ed47754c9480521e25642251b3ab1dff050a4e60409", "c55d348c1c65896c1bd804527de4880d251ae832acf90d74ad525bb79e77d55c", "c5e2be6c263b64f6f7656e23e18a4a9980cffc671442795682e8c4e4f815dd9f", "c99aa3c63104e0818ec566f8ff3942fb7c7a8f35f9912cb63fd8e12318b214b2", "dae06620d3978da346375ebf88b9e2dd7d151335ba668c995aea9ed07af7add4", "db5499d0710823fa4fb88206050d46544e8f0e0136a9a5f5570b026584c8fd74", "dcd3cd17d291e01e47636101c4a6638ffb44c842d009973e3b5c1b67ff718c58", "f12df6b45abc18f27f6e21ce26f7cbf7aa19820911462e46536e22085658ca1e", "f36baafd82119c4a114b9518202f2a983819101dcc14b26e43fc12cbefdce00e", "f52b79c8796d81391ab295b04e520bda6feed54d54931708872e8f9ae9db0ea1", "fa2a50f762d06d84125db0b95d0121e9c640afa7edc23fc0848896760a390f8e", "fa49bb60792b542b95ca93a39041e7113843093ce3cfd216870118eb3798fcc9", "ff8cff01582fa1a7e533cb97f628531c4014af4b5f38e33cdcfe5eec29b6d888", "ffbccfe1c077b5f41738bd719518213c217be7a7a12a7e74113d05a0d6617390"]
pre-commit = ["1d3c0587bda7c4e537a46c27f2c84aa006acc18facf9970bf947df596ce91f3f", "fa78ff96e8e9ac94c748388597693f18b041a181c94a4f039ad20f45287ba44a"]
psycopg2 = ["128d0fa910ada0157bba1cb74a9c5f92bb8a1dca77cf91a31eb274d1f889e001", "227fd46cf9b7255f07687e5bde454d7d67ae39ca77e170097cdef8ebfc30c323", "2315e7f104681d498ccf6fd70b0dba5bce65d60ac92171492bfe228e21dcc242", "4b5417dcd2999db0f5a891d54717cfaee33acc64f4772c4bc574d4ff95ed9d80", "640113ddc943522aaf71294e3f2d24013b0edd659b7820621492c9ebd3a2fb0b", "897a6e838319b4bf648a574afb6cabcb17d0488f8c7195100d48d872419f4457", "8dceca81409898c870e011c71179454962dec152a1a6b86a347f4be74b16d864", "b1b8e41da09a0c3ef0b3d4bb72da0dde2abebe583c1e8462973233fd5ad0235f", "cb407fccc12fc29dc331f2b934913405fa49b9b75af4f3a72d0f50f57ad2ca23", "d3a27550a8185e53b244ad7e79e307594b92fede8617d80200a8cce1fba2c60f", "f0e6b697a975d9d3ccd04135316c947dd82d841067c7800ccf622a8717e98df1"]
pycodestyle = ["95a2219d12372f05704562a14ec30bc76b05a5b297b21a5dfe3f6fac3491ae56", "e40a936c9a450ad81df37f549d676d127b1b66000a6c500caa2b085bc0ca976c"]
pyflakes = ["17dbeb2e3f4d772725c777fabc446d5634d1038f234e77343108ce445ea69ce0", "d976835886f8c5b31d47970ed689944a0262b5f3afa00a5a7b4dc81e5449f8a2"]
pygments = ["5ffada19f6203563680669ee7f53b64dabbeb100eb51b61996085e99c03b284a", "e8218dd399a61674745138520d0d4cf2621d7e032439341bc3f647bff125818d"]
pyhamcrest = ["6b672c02fdf7470df9674ab82263841ce8333fb143f32f021f6cb26f0e512420", "7a4bdade0ed98c699d728191a058a60a44d2f9c213c51e2dd1e6fb42f2c6128a", "8ffaa0a53da57e89de14ced7185ac746227a8894dbd5a3c718bf05ddbd1d56cd", "bac0bea7358666ce52e3c6c85139632ed89f115e9af52d44b3c36e0bf8cf16a9", "f30e9a310bcc1808de817a92e95169ffd16b60cbc5a016a49c8d0e8ababfae79"]
pymemcache = ["24634565e4cdf9c625a3c89ac69650812cc3986f4159a56814c932f027605a9c", "e3497ceda0ba88757d8f7e0f57c9bf3228d7873f9b5bf2c08983eed4362901b6"]
python-memcached = ["4dac64916871bd3550263323fc2ce18e1e439080a2d5670c594cf3118d99b594", "a2e28637be13ee0bf1a8b6843e7490f9456fd3f2a4cb60471733c7b5d5557e4f"]
python-openid = ["92c51c3ecec846cbec4aeff11f9ff47303d4a63f93b0e6ac0ec02a091fed70ef", "c2d133e47e0a7705c9272eef00d7a09c174f5bf17a127fed8e2c6499556cc782"]
python3-openid = ["0086da6b6ef3161cfe50fb1ee5cceaf2cda1700019fda03c2c5c440ca6abe4fa", "628d365d687e12da12d02c6691170f4451db28d6d68d050007e4a40065868502"]
pytz = ["a061aa0a9e06881eb8b3b2b43f05b9439d6583c206d0a6c340ff72a7b6669053", "ffb9ef1de172603304d9d2819af6f5ece76f2e85ec10692a524dd876e72bf277"]
pyyaml = ["0113bc0ec2ad727182326b61326afa3d1d8280ae1122493553fd6f4397f33df9", "01adf0b6c6f61bd11af6e10ca52b7d4057dd0be0343eb9283c878cf3af56aee4", "5124373960b0b3f4aa7df1707e63e9f109b5263eca5976c66e08b1c552d4eaf8", "5ca4f10adbddae56d824b2c09668e91219bb178a1eee1faa56af6f99f11bf696", "7907be34ffa3c5a32b60b95f4d95ea25361c951383a894fec31be7252b2b6f34", "7ec9b2a4ed5cad025c2278a1e6a19c011c80a3caaac804fd2d329e9cc2c287c9", "87ae4c829bb25b9fe99cf71fbb2140c448f534e24c998cc60f39ae4f94396a73", "9de9919becc9cc2ff03637872a440195ac4241c80536632fffeb6a1e25a74299", "a5a85b10e450c66b49f98846937e8cfca1db3127a9d5d1e31ca45c3d0bef4c5b", "b0997827b4f6a7c286c01c5f60384d218dca4ed7d9efa945c3e1aa623d5709ae", "b631ef96d3222e62861443cc89d6563ba3eeb816eeb96b2629345ab795e53681", "bf47c0607522fdbca6c9e817a6e81b08491de50f3766a7a0e6a5be7905961b41", "f81025eddd0327c7d4cfe9b62cf33190e1e736cc6e97502b3ec425f574b3e7a8"]
redis = ["2100750629beff143b6a200a2ea8e719fcf26420adabb81402895e144c5083cf", "8e0bdd2de02e829b6225b25646f9fb9daffea99a252610d040409a6738541f0a"]
reportlab = ["04b9bf35127974f734bddddf48860732361e31c1220c0ebe4f683f19d5cfc3b8", "073da867efdf9e0d6cba2a566f5929ef0bb9fb757b53a7132b91db9869441859", "08e6e63a4502d3a00062ba9ff9669f95577fbdb1a5f8c6cdb1230c5ee295273a", "0960567b9d937a288efa04753536dce1dbb032a1e1f622fd92efbe85b8cccf6e", "1870e321c5d7772fd6e5538a89562ed8b40687ed0aec254197dc73e9d700e62f", "1eac902958a7f66c30e1115fa1a80bf6a7aa57680427cfcb930e13c746142150", "1f6cdcdaf6ab78ab3efd21b23c27e4487a5c0816202c3578b277f441f984a51f", "281443252a335489ce4b8b150afccdc01c74daf97e962fd99a8c2d59c8b333d3", "2ae66e61b03944c5ed1f3c96bbc51160cce4aa28cbe96f205b464017cdfc851c", "34d348575686390676757876fef50f6e32e3a59ff7d549e022b5f3b8a9f7e564", "508224a11ec9ef203ae2fd2177e903d36d3b840eeb8ac70747f53eeb373db439", "5c497c9597a346d27007507cddc2a792f8ca5017268738fd35c374c224d81988", "6e0d9efe78526ddf5ad1d2357f6b2b0f5d7df354ac559358e3d056bdd12fdabf", "817dfd400c5e694cbb6eb87bc932cd3d97cf5d79d918329b8f99085a7979bb29", "8d6ed4357eb0146501ebdb7226c87ef98a9bcbc6d54401ec676fa905b6355e00", "8e681324ce457cc3d5c0949c92d590ac4401347b5df55f6fde207b42316d42d2", "926981544d37554b44c6f067c3f94981831f9ef3f2665fa5f4114b23a140f596", "92a0bf5cc2d9418115bff46032964d25bb21c0ac8bcdf6bee5769ca810a54a5a", "9a3e7495e223fc4a9bdcd356972c230d32bf8c7a57442ca5b8c2ff6b19e6007b", "a31f424020176e96a0ff0229f7f251d865c5409ddf074f695b97ba604f173b48", "aa0c35b22929c19ecd48d5c1734e420812f269f463d1ef138e0adb28069c3150", "b36b555cdbdd51f9f00a7606966ec6d4d30d74c61d1523a1ac56bbeb83a15ed3", "cd3d9765b8f446c25d75a4456d8781c4781de0f10f860dff5cb69bbe526e8f53", "d3daa4f19d1dc2fc1fc2591e1354edd95439b9e9953ca8b374d41524d434b315", "d8f1878bc1fc91c63431e9b0f1940ff18b70c059f6d38f2be1e34ce9ffcc28ea", "ddca7479d29f9dfbfc69057764239ec7753b49a3b0dcbed08f70cbef8fccfee6", "f28f3a965d15c88c797cf33968bdaa5a04aabcf321d3f6fcf14d7e7fde8d90f3", "fcca214bf340f59245fff792134a9ac333d21eeef19a874a69ecc926b4c992a4"]
requests = ["11e007a8a2aa0323f5a921e9e6a2d7e4e67d9877e85773fba9ba6419025cbeb4", "9cf5292fcd0f598c671cfc1e0d7d1a7f13bb8085e9a590f48c010551dc6c4b31"]
requests-oauthlib = ["8886bfec5ad7afb391ed5443b1f697c6f4ae98d0e5620839d8b4499c032ada3f", "e21232e2465808c0e892e0e4dbb8c2faafec16ac6dc067dd546e9b466f3deac8", "fe3282f48fb134ee0035712159f5429215459407f6d5484013343031ff1a400d"]
sentry-sdk = ["a7c2c8d3f53b6b57454830cd6a4b73d272f1ba91952f59e6545b3cf885f3c22f", "bfc486af718c268cf49ff43d6334ed4db7333ace420240b630acdd8f8a3a8f60"]
six = ["3350809f0555b11f552448330d0b52d5f24c91a322ea4a15ef22629740f3761c", "d16a0141ec1a18405cd4ce8b4613101da75da0e9a7aec5bdd4fa804d0e0eba73"]
sqlparse = ["40afe6b8d4b1117e7dff5504d7a8ce07d9a1b15aeeade8a2d10f130a834f8177", "7c3dca29c022744e95b547e867cee89f4fce4373f3549ccd8797d8eb52cdb873"]
toml = ["229f81c57791a41d65e399fc06bf0848bab550a9dfd5ed66df18ce5f05e73d5c", "235682dd292d5899d361a811df37e04a8828a5b1da3115886b73cf81ebc9100e", "f1db651f9657708513243e61e6cc67d101a39bad662eaa9b5546f789338e07a3"]
twisted = ["294be2c6bf84ae776df2fc98e7af7d6537e1c5e60a46d33c3ce2a197677da395"]
txaio = ["67e360ac73b12c52058219bb5f8b3ed4105d2636707a36a7cdafb56fe06db7fe", "b6b235d432cc58ffe111b43e337db71a5caa5d3eaa88f0eacf60b431c7626ef5"]
typing = ["4027c5f6127a6267a435201981ba156de91ad0d1d98e9ddc2aa173453453492d", "57dcf675a99b74d64dacf6fba08fb17cf7e3d5fdff53d4a30ea2a5e7e52543d4", "a4c8473ce11a65999c8f59cb093e70686b6c84c98df58c1dae9b3b196089858a"]
urllib3 = ["3de946ffbed6e6746608990594d08faac602528ac7015ac28d33cee6a45b7398", "9a107b99a5393caf59c7aa3c1249c16e6879447533d0887f4336dde834c7be86"]
vine = ["52116d59bc45392af9fdd3b75ed98ae48a93e822cee21e5fda249105c59a7a72", "6849544be74ec3638e84d90bc1cf2e1e9224cc10d96cd4383ec3f69e9bce077b"]
virtualenv = ["680af46846662bb38c5504b78bad9ed9e4f3ba2d54f54ba42494fdf94337fe30", "f78d81b62d3147396ac33fc9d77579ddc42cc2a98dd9ea38886f616b33bc7fb2"]
wcwidth = ["3df37372226d6e63e1b1e1eda15c594bca98a22d33a23832a90998faa96bc65e", "f4ebe71925af7b40a864553f761ed559b43544f8f71746c2d756c7fe788ade7c"]
zipp = ["3718b1cbcd963c7d4c5511a8240812904164b7f381b647143a89d3b98f9bcd8e", "f06903e9f1f43b12d371004b4ac7b06ab39a44adc747266928ae6debfa7b3335"]
"zope.interface" = ["086707e0f413ff8800d9c4bc26e174f7ee4c9c8b0302fbad68d083071822316c", "1157b1ec2a1f5bf45668421e3955c60c610e31913cc695b407a574efdbae1f7b", "11ebddf765bff3bbe8dbce10c86884d87f90ed66ee410a7e6c392086e2c63d02", "14b242d53f6f35c2d07aa2c0e13ccb710392bcd203e1b82a1828d216f6f6b11f", "1b3d0dcabc7c90b470e59e38a9acaa361be43b3a6ea644c0063951964717f0e5", "20a12ab46a7e72b89ce0671e7d7a6c3c1ca2c2766ac98112f78c5bddaa6e4375", "298f82c0ab1b182bd1f34f347ea97dde0fffb9ecf850ecf7f8904b8442a07487", "2f6175722da6f23dbfc76c26c241b67b020e1e83ec7fe93c9e5d3dd18667ada2", "3b877de633a0f6d81b600624ff9137312d8b1d0f517064dfc39999352ab659f0", "4265681e77f5ac5bac0905812b828c9fe1ce80c6f3e3f8574acfb5643aeabc5b", "550695c4e7313555549aa1cdb978dc9413d61307531f123558e438871a883d63", "5f4d42baed3a14c290a078e2696c5f565501abde1b2f3f1a1c0a94fbf6fbcc39", "62dd71dbed8cc6a18379700701d959307823b3b2451bdc018594c48956ace745", "7040547e5b882349c0a2cc9b50674b1745db551f330746af434aad4f09fba2cc", "7e099fde2cce8b29434684f82977db4e24f0efa8b0508179fce1602d103296a2", "7e5c9a5012b2b33e87980cee7d1c82412b2ebabcb5862d53413ba1a2cfde23aa", "81295629128f929e73be4ccfdd943a0906e5fe3cdb0d43ff1e5144d16fbb52b1", "95cc574b0b83b85be9917d37cd2fad0ce5a0d21b024e1a5804d044aabea636fc", "968d5c5702da15c5bf8e4a6e4b67a4d92164e334e9c0b6acf080106678230b98", "9e998ba87df77a85c7bed53240a7257afe51a07ee6bc3445a0bf841886da0b97", "a0c39e2535a7e9c195af956610dba5a1073071d2d85e9d2e5d789463f63e52ab", "a15e75d284178afe529a536b0e8b28b7e107ef39626a7809b4ee64ff3abc9127", "a6a6ff82f5f9b9702478035d8f6fb6903885653bff7ec3a1e011edc9b1a7168d", "b639f72b95389620c1f881d94739c614d385406ab1d6926a9ffe1c8abbea23fe", "bad44274b151d46619a7567010f7cde23a908c6faa84b97598fd2f474a0c6891", "bbcef00d09a30948756c5968863316c949d9cedbc7aabac5e8f0ffbdb632e5f1", "d788a3999014ddf416f2dc454efa4a5dbeda657c6aba031cf363741273804c6b", "eed88ae03e1ef3a75a0e96a55a99d7937ed03e53d0cffc2451c208db445a2966", "f99451f3a579e73b5dd58b1b08d1179791d49084371d9a47baad3b22417f0317"]
